
Microsoft Visual Studio Solution File, Format Version 12.00
# Visual Studio Version 17
VisualStudioVersion = 17.0.31717.71
MinimumVisualStudioVersion = 10.0.40219.1
Project("{FAE04EC0-301F-11D3-BF4B-00C04F79EFBC}") = "EnvDTERuinsMyVS2022Life", "EnvDTERuinsMyVS2022Life.csproj", "{D4BC516D-1EDE-4C0F-BA7C-4C1710AA7E7E}"
EndProject
Global
	GlobalSection(SolutionConfigurationPlatforms) = preSolution
		Debug|Any CPU = Debug|Any CPU
		Release|Any CPU = Release|Any CPU
	EndGlobalSection
	GlobalSection(ProjectConfigurationPlatforms) = postSolution
		{D4BC516D-1EDE-4C0F-BA7C-4C1710AA7E7E}.Debug|Any CPU.ActiveCfg = Debug|Any CPU
		{D4BC516D-1EDE-4C0F-BA7C-4C1710AA7E7E}.Debug|Any CPU.Build.0 = Debug|Any CPU
		{D4BC516D-1EDE-4C0F-BA7C-4C1710AA7E7E}.Release|Any CPU.ActiveCfg = Release|Any CPU
		{D4BC516D-1EDE-4C0F-BA7C-4C1710AA7E7E}.Release|Any CPU.Build.0 = Release|Any CPU
	EndGlobalSection
	GlobalSection(SolutionProperties) = preSolution
		HideSolutionNode = FALSE
	EndGlobalSection
	GlobalSection(ExtensibilityGlobals) = postSolution
		SolutionGuid = {F6C6F85B-57C8-48B9-9527-02C85DECEE23}
	EndGlobalSection
EndGlobal
